
Microsoft Visual Studio Solution File, Format Version 12.00
# Visual Studio Version 17
VisualStudioVersion = 17.5.002.0
MinimumVisualStudioVersion = 10.0.40219.1
Project("{9A19103F-16F7-4668-BE54-9A1E7A4F7556}") = "Hattin", "Hattin\Hattin.csproj", "{C4F4055D-E92C-438E-B054-B2138EB120A7}"
EndProject
Global
	GlobalSection(SolutionConfigurationPlatforms) = preSolution
		Debug|Any CPU = Debug|Any CPU
		Release|Any CPU = Release|Any CPU
	EndGlobalSection
	GlobalSection(ProjectConfigurationPlatforms) = postSolution
		{C4F4055D-E92C-438E-B054-B2138EB120A7}.Debug|Any CPU.ActiveCfg = Debug|Any CPU
		{C4F4055D-E92C-438E-B054-B2138EB120A7}.Debug|Any CPU.Build.0 = Debug|Any CPU
		{C4F4055D-E92C-438E-B054-B2138EB120A7}.Release|Any CPU.ActiveCfg = Release|Any CPU
		{C4F4055D-E92C-438E-B054-B2138EB120A7}.Release|Any CPU.Build.0 = Release|Any CPU
	EndGlobalSection
	GlobalSection(SolutionProperties) = preSolution
		HideSolutionNode = FALSE
	EndGlobalSection
	GlobalSection(ExtensibilityGlobals) = postSolution
		SolutionGuid = {CA875135-62A5-4C6F-ADB5-F57EBE71825B}
	EndGlobalSection
EndGlobal
